{
  "name": "demo-app-node",
  "version": "1.0.0",
  "lockfileVersion": 3,
  "requires": true,
  "packages": {
    "": {
      "name": "demo-app-node",
      "version": "1.0.0",
      "devDependencies": {
        "@heritage/zest": "file:../zest/"
      }
    },
    "../zest": {
      "name": "@heritage/zest",
      "version": "1.0.0",
      "dev": true,
      "dependencies": {
        "@heritage/zest-cli": "file:../zest-cli",
        "@heritage/zest-finder": "file:../zest-finder",
        "@heritage/zest-matchers": "file:../zest-matchers",
        "@heritage/zest-mock": "file:../zest-mock",
        "@heritage/zest-runner": "file:../zest-runner",
        "@heritage/zest-worker": "file:../zest-worker",
        "chalk": "^5.4.1"
      },
      "bin": {
        "zest": "bin/cli.js"
      }
    },
    "../zest/node_modules/chalk": {
      "version": "5.4.1",
      "dev": true,
      "license": "MIT",
      "engines": {
        "node": "^12.17.0 || ^14.13 || >=16.0.0"
      },
      "funding": {
        "url": "https://github.com/chalk/chalk?sponsor=1"
      }
    },
    "node_modules/@heritage/zest": {
      "resolved": "../zest",
      "link": true
    }
  }
}
