{
  "name": "demo-app-node",
  "version": "1.0.0",
  "lockfileVersion": 3,
  "requires": true,
  "packages": {
    "": {
      "name": "demo-app-node",
      "version": "1.0.0",
      "devDependencies": {
        "@heritage/zest": "file:../zest/"
      }
    },
    "../zest": {
      "name": "@heritage/zest",
      "version": "1.0.0",
      "dev": true,
      "dependencies": {
        "@heritage/zest-cli": "file:../zest-cli"
      },
      "bin": {
        "zest": "bin/cli.js"
      }
    },
    "node_modules/@heritage/zest": {
      "resolved": "../zest",
      "link": true
    }
  }
}
