{
  "name": "@heritage/zest-globals",
  "version": "1.0.0",
  "lockfileVersion": 3,
  "requires": true,
  "packages": {
    "": {
      "name": "@heritage/zest-globals",
      "version": "1.0.0",
      "dependencies": {
        "@heritage/zest-matchers": "file:../zest-matchers",
        "@heritage/zest-mock": "file:../zest-mock",
        "@heritage/zest-runner": "file:../zest-runner"
      }
    },
    "../zest-matchers": {
      "name": "@heritage/zest-matchers",
      "version": "1.0.0"
    },
    "../zest-mock": {
      "name": "@heritage/zest-mock",
      "version": "1.0.0"
    },
    "../zest-runner": {
      "name": "@heritage/zest-runner",
      "version": "1.0.0",
      "dependencies": {
        "@heritage/zest-worker": "file:../zest-worker",
        "chalk": "^5.4.1"
      }
    },
    "node_modules/@heritage/zest-matchers": {
      "resolved": "../zest-matchers",
      "link": true
    },
    "node_modules/@heritage/zest-mock": {
      "resolved": "../zest-mock",
      "link": true
    },
    "node_modules/@heritage/zest-runner": {
      "resolved": "../zest-runner",
      "link": true
    }
  }
}
