{
  "name": "@heritage/zest-runner",
  "version": "1.0.0",
  "lockfileVersion": 3,
  "requires": true,
  "packages": {
    "": {
      "name": "@heritage/zest-runner",
      "version": "1.0.0",
      "dependencies": {
        "@heritage/zest-globals": "file:../zest-globals",
        "@heritage/zest-worker": "file:../zest-worker",
        "chalk": "^5.4.1"
      }
    },
    "../zest-globals": {
      "name": "@heritage/zest-globals",
      "version": "1.0.0",
      "dependencies": {
        "@heritage/zest-matchers": "file:../zest-matchers",
        "@heritage/zest-mock": "file:../zest-mock",
        "@heritage/zest-runner": "file:../zest-runner"
      }
    },
    "../zest-worker": {
      "name": "@heritage/zest-worker",
      "version": "1.0.0",
      "bin": {
        "worker": "bin/cli.js"
      }
    },
    "node_modules/@heritage/zest-globals": {
      "resolved": "../zest-globals",
      "link": true
    },
    "node_modules/@heritage/zest-worker": {
      "resolved": "../zest-worker",
      "link": true
    },
    "node_modules/chalk": {
      "version": "5.4.1",
      "resolved": "https://registry.npmjs.org/chalk/-/chalk-5.4.1.tgz",
      "integrity": "sha512-zgVZuo2WcZgfUEmsn6eO3kINexW8RAE4maiQ8QNs8CtpPCSyMiYsULR3HQYkm3w8FIA3SberyMJMSldGsW+U3w==",
      "license": "MIT",
      "engines": {
        "node": "^12.17.0 || ^14.13 || >=16.0.0"
      },
      "funding": {
        "url": "https://github.com/chalk/chalk?sponsor=1"
      }
    }
  }
}
