{
  "name": "@heritage/zest",
  "version": "1.0.0",
  "lockfileVersion": 3,
  "requires": true,
  "packages": {
    "": {
      "name": "@heritage/zest",
      "version": "1.0.0",
      "dependencies": {
        "@heritage/zest-cli": "file:../zest-cli",
        "@heritage/zest-finder": "file:../zest-finder",
        "@heritage/zest-globals": "file:../zest-globals",
        "@heritage/zest-matchers": "file:../zest-matchers",
        "@heritage/zest-mock": "file:../zest-mock",
        "@heritage/zest-runner": "file:../zest-runner",
        "@heritage/zest-worker": "file:../zest-worker",
        "chalk": "^5.4.1"
      },
      "bin": {
        "zest": "bin/cli.js"
      }
    },
    "../zest-cli": {
      "name": "@heritage/zest-cli",
      "version": "1.0.0",
      "bin": {
        "zest": "bin/cli.js"
      }
    },
    "../zest-finder": {
      "name": "@heritage/zest-finder",
      "version": "1.0.0",
      "dependencies": {
        "glob": "^11.0.3"
      }
    },
    "../zest-globals": {
      "name": "@heritage/zest-globals",
      "version": "1.0.0",
      "dependencies": {
        "@heritage/zest-matchers": "file:../zest-matchers",
        "@heritage/zest-mock": "file:../zest-mock",
        "@heritage/zest-runner": "file:../zest-runner"
      }
    },
    "../zest-matchers": {
      "name": "@heritage/zest-matchers",
      "version": "1.0.0"
    },
    "../zest-mock": {
      "name": "@heritage/zest-mock",
      "version": "1.0.0"
    },
    "../zest-runner": {
      "name": "@heritage/zest-runner",
      "version": "1.0.0",
      "dependencies": {
        "@heritage/zest-worker": "file:../zest-worker",
        "chalk": "^5.4.1"
      }
    },
    "../zest-worker": {
      "name": "@heritage/zest-worker",
      "version": "1.0.0",
      "bin": {
        "worker": "bin/cli.js"
      }
    },
    "node_modules/@heritage/zest-cli": {
      "resolved": "../zest-cli",
      "link": true
    },
    "node_modules/@heritage/zest-finder": {
      "resolved": "../zest-finder",
      "link": true
    },
    "node_modules/@heritage/zest-globals": {
      "resolved": "../zest-globals",
      "link": true
    },
    "node_modules/@heritage/zest-matchers": {
      "resolved": "../zest-matchers",
      "link": true
    },
    "node_modules/@heritage/zest-mock": {
      "resolved": "../zest-mock",
      "link": true
    },
    "node_modules/@heritage/zest-runner": {
      "resolved": "../zest-runner",
      "link": true
    },
    "node_modules/@heritage/zest-worker": {
      "resolved": "../zest-worker",
      "link": true
    },
    "node_modules/chalk": {
      "version": "5.4.1",
      "license": "MIT",
      "engines": {
        "node": "^12.17.0 || ^14.13 || >=16.0.0"
      },
      "funding": {
        "url": "https://github.com/chalk/chalk?sponsor=1"
      }
    }
  }
}
